// !$*UTF8*$!
{
	archiveVersion = 1;
	classes = {
	};
	objectVersion = 56;
	objects = {

/* Begin PBXBuildFile section */
		000000000000000000000016 /* BlootApp.swift in Sources */ = {isa = PBXBuildFile; fileRef = 000000000000000000000012 /* BlootApp.swift */; };
		000000000000000000000020 /* SpeechManager.swift in Sources */ = {isa = PBXBuildFile; fileRef = 000000000000000000000021 /* SpeechManager.swift */; };
		000000000000000000000022 /* GameParser.swift in Sources */ = {isa = PBXBuildFile; fileRef = 000000000000000000000023 /* GameParser.swift */; };
		000000000000000000000024 /* APIKeyView.swift in Sources */ = {isa = PBXBuildFile; fileRef = 000000000000000000000025 /* APIKeyView.swift */; };
		000000000000000000000026 /* LocalVoiceParser.swift in Sources */ = {isa = PBXBuildFile; fileRef = 000000000000000000000027 /* LocalVoiceParser.swift */; };
		000000000000000000000017 /* GameViewModel.swift in Sources */ = {isa = PBXBuildFile; fileRef = 000000000000000000000013 /* GameViewModel.swift */; };
		000000000000000000000018 /* MainView.swift in Sources */ = {isa = PBXBuildFile; fileRef = 000000000000000000000014 /* MainView.swift */; };
		000000000000000000000019 /* WinnerView.swift in Sources */ = {isa = PBXBuildFile; fileRef = 000000000000000000000015 /* WinnerView.swift */; };
		000000000000000000000011 /* Assets.xcassets in Resources */ = {isa = PBXBuildFile; fileRef = 000000000000000000000010 /* Assets.xcassets */; };
/* End PBXBuildFile section */

/* Begin PBXFileReference section */
		000000000000000000000021 /* SpeechManager.swift */ = {isa = PBXFileReference; lastKnownFileType = sourcecode.swift; path = SpeechManager.swift; sourceTree = "<group>"; };
		000000000000000000000023 /* GameParser.swift */ = {isa = PBXFileReference; lastKnownFileType = sourcecode.swift; path = GameParser.swift; sourceTree = "<group>"; };
		000000000000000000000025 /* APIKeyView.swift */ = {isa = PBXFileReference; lastKnownFileType = sourcecode.swift; path = APIKeyView.swift; sourceTree = "<group>"; };
		000000000000000000000027 /* LocalVoiceParser.swift */ = {isa = PBXFileReference; lastKnownFileType = sourcecode.swift; path = LocalVoiceParser.swift; sourceTree = "<group>"; };
		000000000000000000000012 /* BlootApp.swift */ = {isa = PBXFileReference; lastKnownFileType = sourcecode.swift; path = BlootApp.swift; sourceTree = "<group>"; };
		000000000000000000000013 /* GameViewModel.swift */ = {isa = PBXFileReference; lastKnownFileType = sourcecode.swift; path = GameViewModel.swift; sourceTree = "<group>"; };
		000000000000000000000014 /* MainView.swift */ = {isa = PBXFileReference; lastKnownFileType = sourcecode.swift; path = MainView.swift; sourceTree = "<group>"; };
		000000000000000000000015 /* WinnerView.swift */ = {isa = PBXFileReference; lastKnownFileType = sourcecode.swift; path = WinnerView.swift; sourceTree = "<group>"; };
		000000000000000000000010 /* Assets.xcassets */ = {isa = PBXFileReference; lastKnownFileType = folder.assetcatalog; path = Assets.xcassets; sourceTree = "<group>"; };
		000000000000000000000006 /* BlootScore.app */ = {isa = PBXFileReference; explicitFileType = wrapper.application; includeInIndex = 0; path = BlootScore.app; sourceTree = BUILT_PRODUCTS_DIR; };
/* End PBXFileReference section */

/* Begin PBXFrameworksBuildPhase section */
		000000000000000000000008 /* Frameworks */ = {
			isa = PBXFrameworksBuildPhase;
			buildActionMask = 2147483647;
			files = (
			);
			runOnlyForDeploymentPostprocessing = 0;
		};
/* End PBXFrameworksBuildPhase section */

/* Begin PBXGroup section */
		000000000000000000000002 = {
			isa = PBXGroup;
			children = (
				000000000000000000000004 /* BlootScore */,
				000000000000000000000003 /* Products */,
			);
			sourceTree = "<group>";
		};
		000000000000000000000003 /* Products */ = {
			isa = PBXGroup;
			children = (
				000000000000000000000006 /* BlootScore.app */,
			);
			name = Products;
			sourceTree = "<group>";
		};
		000000000000000000000004 /* BlootScore */ = {
			isa = PBXGroup;
			children = (
				000000000000000000000012 /* BlootApp.swift */,
				000000000000000000000013 /* GameViewModel.swift */,
				000000000000000000000014 /* MainView.swift */,
				000000000000000000000015 /* WinnerView.swift */,
				000000000000000000000021 /* SpeechManager.swift */,
				000000000000000000000023 /* GameParser.swift */,
				000000000000000000000025 /* APIKeyView.swift */,
				000000000000000000000027 /* LocalVoiceParser.swift */,
				000000000000000000000010 /* Assets.xcassets */,
			);
			path = BlootScore;
			sourceTree = "<group>";
		};
/* End PBXGroup section */

/* Begin PBXNativeTarget section */
		000000000000000000000005 /* BlootScore */ = {
			isa = PBXNativeTarget;
			buildConfigurationList = 00000000000000000000000B;
			buildPhases = (
				000000000000000000000007 /* Sources */,
				000000000000000000000008 /* Frameworks */,
				000000000000000000000009 /* Resources */,
			);
			buildRules = (
			);
			dependencies = (
			);
			name = BlootScore;
			productName = BlootScore;
			productReference = 000000000000000000000006;
			productType = "com.apple.product-type.application";
		};
/* End PBXNativeTarget section */

/* Begin PBXProject section */
		000000000000000000000001 /* Project object */ = {
			isa = PBXProject;
			attributes = {
				BuildIndependentTargetsInParallel = 1;
				LastUpgradeCheck = 1500;
				TargetAttributes = {
					000000000000000000000005 = {
						CreatedOnToolsVersion = 15.0;
					};
				};
			};
			buildConfigurationList = 00000000000000000000000A;
			compatibilityVersion = "Xcode 14.0";
			developmentRegion = en;
			hasScannedForEncodings = 0;
			knownRegions = (en, Base);
			mainGroup = 000000000000000000000002;
			productRefGroup = 000000000000000000000003;
			projectDirPath = "";
			projectRoot = "";
			targets = (
				000000000000000000000005 /* BlootScore */,
			);
		};
/* End PBXProject section */

/* Begin PBXResourcesBuildPhase section */
		000000000000000000000009 /* Resources */ = {
			isa = PBXResourcesBuildPhase;
			buildActionMask = 2147483647;
			files = (
				000000000000000000000011 /* Assets.xcassets in Resources */,
			);
			runOnlyForDeploymentPostprocessing = 0;
		};
/* End PBXResourcesBuildPhase section */

/* Begin PBXSourcesBuildPhase section */
		000000000000000000000007 /* Sources */ = {
			isa = PBXSourcesBuildPhase;
			buildActionMask = 2147483647;
			files = (
				000000000000000000000016 /* BlootApp.swift in Sources */,
				000000000000000000000017 /* GameViewModel.swift in Sources */,
				000000000000000000000018 /* MainView.swift in Sources */,
				000000000000000000000019 /* WinnerView.swift in Sources */,
				000000000000000000000020 /* SpeechManager.swift in Sources */,
				000000000000000000000022 /* GameParser.swift in Sources */,
				000000000000000000000024 /* APIKeyView.swift in Sources */,
				000000000000000000000026 /* LocalVoiceParser.swift in Sources */,
			);
			runOnlyForDeploymentPostprocessing = 0;
		};
/* End PBXSourcesBuildPhase section */

/* Begin XCBuildConfiguration section */
		00000000000000000000000C /* Debug */ = {
			isa = XCBuildConfiguration;
			buildSettings = {
				ALWAYS_SEARCH_USER_PATHS = NO;
				CLANG_ENABLE_MODULES = YES;
				CLANG_ENABLE_OBJC_ARC = YES;
				COPY_PHASE_STRIP = NO;
				DEBUG_INFORMATION_FORMAT = dwarf;
				ENABLE_TESTABILITY = YES;
				GCC_OPTIMIZATION_LEVEL = 0;
				GCC_PREPROCESSOR_DEFINITIONS = ("DEBUG=1", "$(inherited)");
				IPHONEOS_DEPLOYMENT_TARGET = 16.0;
				ONLY_ACTIVE_ARCH = YES;
				SDKROOT = iphoneos;
				SWIFT_ACTIVE_COMPILATION_CONDITIONS = DEBUG;
				SWIFT_OPTIMIZATION_LEVEL = "-Onone";
			};
			name = Debug;
		};
		00000000000000000000000D /* Release */ = {
			isa = XCBuildConfiguration;
			buildSettings = {
				ALWAYS_SEARCH_USER_PATHS = NO;
				CLANG_ENABLE_MODULES = YES;
				CLANG_ENABLE_OBJC_ARC = YES;
				COPY_PHASE_STRIP = NO;
				DEBUG_INFORMATION_FORMAT = "dwarf-with-dsym";
				ENABLE_NS_ASSERTIONS = NO;
				IPHONEOS_DEPLOYMENT_TARGET = 16.0;
				SDKROOT = iphoneos;
				SWIFT_COMPILATION_MODE = wholemodule;
			};
			name = Release;
		};
		00000000000000000000000E /* Debug */ = {
			isa = XCBuildConfiguration;
			buildSettings = {
				ASSTCATA_COMPILER_APPICON_NAME = AppIcon;
				ASSTCATA_COMPILER_GLOBAL_ACCENT_COLOR_NAME = AccentColor;
				CODE_SIGN_STYLE = Automatic;
				CURRENT_PROJECT_VERSION = 1;
				ENABLE_PREVIEWS = YES;
				GENERATE_INFOPLIST_FILE = YES;
				INFOPLIST_KEY_NSMicrophoneUsageDescription = "يحتاج التطبيق للميكروفون لتسجيل نقاط البلوت بالصوت";
				INFOPLIST_KEY_NSSpeechRecognitionUsageDescription = "يستخدم التطبيق التعرف على الكلام لتحويل الصوت إلى نقاط";
				INFOPLIST_KEY_UIApplicationSceneManifest_Generation = YES;
				INFOPLIST_KEY_UIApplicationSupportsIndirectInputEvents = YES;
				INFOPLIST_KEY_UILaunchScreen_Generation = YES;
				INFOPLIST_KEY_CFBundleIconName = AppIcon;
				INFOPLIST_KEY_UISupportedInterfaceOrientations = "UIInterfaceOrientationPortrait UIInterfaceOrientationPortraitUpsideDown UIInterfaceOrientationLandscapeLeft UIInterfaceOrientationLandscapeRight";
				INFOPLIST_KEY_UISupportedInterfaceOrientations_iPhone = "UIInterfaceOrientationPortrait";
				IPHONEOS_DEPLOYMENT_TARGET = 16.0;
				MARKETING_VERSION = 1.0;
				PRODUCT_BUNDLE_IDENTIFIER = com.bloot.BlootScore;
				PRODUCT_NAME = "$(TARGET_NAME)";
				SWIFT_EMIT_LOC_STRINGS = YES;
				SWIFT_VERSION = 5.0;
				TARGETED_DEVICE_FAMILY = "1,2";
			};
			name = Debug;
		};
		00000000000000000000000F /* Release */ = {
			isa = XCBuildConfiguration;
			buildSettings = {
				ASSTCATA_COMPILER_APPICON_NAME = AppIcon;
				ASSTCATA_COMPILER_GLOBAL_ACCENT_COLOR_NAME = AccentColor;
				CODE_SIGN_STYLE = Automatic;
				CURRENT_PROJECT_VERSION = 1;
				ENABLE_PREVIEWS = YES;
				GENERATE_INFOPLIST_FILE = YES;
				INFOPLIST_KEY_NSMicrophoneUsageDescription = "يحتاج التطبيق للميكروفون لتسجيل نقاط البلوت بالصوت";
				INFOPLIST_KEY_NSSpeechRecognitionUsageDescription = "يستخدم التطبيق التعرف على الكلام لتحويل الصوت إلى نقاط";
				INFOPLIST_KEY_UIApplicationSceneManifest_Generation = YES;
				INFOPLIST_KEY_UIApplicationSupportsIndirectInputEvents = YES;
				INFOPLIST_KEY_UILaunchScreen_Generation = YES;
				INFOPLIST_KEY_CFBundleIconName = AppIcon;
				INFOPLIST_KEY_UISupportedInterfaceOrientations = "UIInterfaceOrientationPortrait UIInterfaceOrientationPortraitUpsideDown UIInterfaceOrientationLandscapeLeft UIInterfaceOrientationLandscapeRight";
				INFOPLIST_KEY_UISupportedInterfaceOrientations_iPhone = "UIInterfaceOrientationPortrait";
				IPHONEOS_DEPLOYMENT_TARGET = 16.0;
				MARKETING_VERSION = 1.0;
				PRODUCT_BUNDLE_IDENTIFIER = com.bloot.BlootScore;
				PRODUCT_NAME = "$(TARGET_NAME)";
				SWIFT_EMIT_LOC_STRINGS = YES;
				SWIFT_VERSION = 5.0;
				TARGETED_DEVICE_FAMILY = "1,2";
			};
			name = Release;
		};
/* End XCBuildConfiguration section */

/* Begin XCConfigurationList section */
		00000000000000000000000A /* Build configuration list for PBXProject "BlootScore" */ = {
			isa = XCConfigurationList;
			buildConfigurations = (
				00000000000000000000000C /* Debug */,
				00000000000000000000000D /* Release */,
			);
			defaultConfigurationIsVisible = 0;
			defaultConfigurationName = Release;
		};
		00000000000000000000000B /* Build configuration list for PBXNativeTarget "BlootScore" */ = {
			isa = XCConfigurationList;
			buildConfigurations = (
				00000000000000000000000E /* Debug */,
				00000000000000000000000F /* Release */,
			);
			defaultConfigurationIsVisible = 0;
			defaultConfigurationName = Release;
		};
/* End XCConfigurationList section */
	};
	rootObject = 000000000000000000000001;
}
